
Microsoft Visual Studio Solution File, Format Version 12.00
# Visual Studio Version 17
VisualStudioVersion = 17.11.35219.272
MinimumVisualStudioVersion = 10.0.40219.1
Project("{888888A0-9F3D-457C-B088-3A5042F75D52}") = "Linked Structure Implementation", "Linked Structure Implementation\Linked Structure Implementation.pyproj", "{BDEE603A-448D-4E6A-9B41-F5E457AE9402}"
EndProject
Global
	GlobalSection(SolutionConfigurationPlatforms) = preSolution
		Debug|Any CPU = Debug|Any CPU
		Release|Any CPU = Release|Any CPU
	EndGlobalSection
	GlobalSection(ProjectConfigurationPlatforms) = postSolution
		{BDEE603A-448D-4E6A-9B41-F5E457AE9402}.Debug|Any CPU.ActiveCfg = Debug|Any CPU
		{BDEE603A-448D-4E6A-9B41-F5E457AE9402}.Release|Any CPU.ActiveCfg = Release|Any CPU
	EndGlobalSection
	GlobalSection(SolutionProperties) = preSolution
		HideSolutionNode = FALSE
	EndGlobalSection
	GlobalSection(ExtensibilityGlobals) = postSolution
		SolutionGuid = {F555D968-729B-47ED-9A33-A29284955D81}
	EndGlobalSection
EndGlobal
